Microsoft Visual Studio Solution File, Format Version 12.00
# Visual Studio Version 17
VisualStudioVersion = 17.5.2.0
MinimumVisualStudioVersion = 10.0.40219.1
Project("{FAE04EC0-301F-11D3-BF4B-00C04F79EFBC}") = "ejercicio21PatronAsteriscos", "ejercicio21PatronAsteriscos.csproj", "{12870118-4BA1-34AC-2E5B-52370E2F2C39}"
EndProject
Global
	GlobalSection(SolutionConfigurationPlatforms) = preSolution
		Debug|Any CPU = Debug|Any CPU
		Release|Any CPU = Release|Any CPU
	EndGlobalSection
	GlobalSection(ProjectConfigurationPlatforms) = postSolution
		{12870118-4BA1-34AC-2E5B-52370E2F2C39}.Debug|Any CPU.ActiveCfg = Debug|Any CPU
		{12870118-4BA1-34AC-2E5B-52370E2F2C39}.Debug|Any CPU.Build.0 = Debug|Any CPU
		{12870118-4BA1-34AC-2E5B-52370E2F2C39}.Release|Any CPU.ActiveCfg = Release|Any CPU
		{12870118-4BA1-34AC-2E5B-52370E2F2C39}.Release|Any CPU.Build.0 = Release|Any CPU
	EndGlobalSection
	GlobalSection(SolutionProperties) = preSolution
		HideSolutionNode = FALSE
	EndGlobalSection
	GlobalSection(ExtensibilityGlobals) = postSolution
		SolutionGuid = {1A386979-892B-46EA-93BF-E585CD311366}
	EndGlobalSection
EndGlobal
