Microsoft Visual Studio Solution File, Format Version 12.00
# Visual Studio Version 17
VisualStudioVersion = 17.5.2.0
MinimumVisualStudioVersion = 10.0.40219.1
Project("{FAE04EC0-301F-11D3-BF4B-00C04F79EFBC}") = "ejercicio24BusquedayOrdenamiento", "ejercicio24BusquedayOrdenamiento.csproj", "{C215EA4B-F780-B44F-0874-64DBAF08282B}"
EndProject
Global
	GlobalSection(SolutionConfigurationPlatforms) = preSolution
		Debug|Any CPU = Debug|Any CPU
		Release|Any CPU = Release|Any CPU
	EndGlobalSection
	GlobalSection(ProjectConfigurationPlatforms) = postSolution
		{C215EA4B-F780-B44F-0874-64DBAF08282B}.Debug|Any CPU.ActiveCfg = Debug|Any CPU
		{C215EA4B-F780-B44F-0874-64DBAF08282B}.Debug|Any CPU.Build.0 = Debug|Any CPU
		{C215EA4B-F780-B44F-0874-64DBAF08282B}.Release|Any CPU.ActiveCfg = Release|Any CPU
		{C215EA4B-F780-B44F-0874-64DBAF08282B}.Release|Any CPU.Build.0 = Release|Any CPU
	EndGlobalSection
	GlobalSection(SolutionProperties) = preSolution
		HideSolutionNode = FALSE
	EndGlobalSection
	GlobalSection(ExtensibilityGlobals) = postSolution
		SolutionGuid = {45B47043-A329-4152-9DE8-DDC893062350}
	EndGlobalSection
EndGlobal
