Microsoft Visual Studio Solution File, Format Version 12.00
# Visual Studio Version 17
VisualStudioVersion = 17.5.2.0
MinimumVisualStudioVersion = 10.0.40219.1
Project("{FAE04EC0-301F-11D3-BF4B-00C04F79EFBC}") = "ejercicio15TablaMultiplicar", "ejercicio15TablaMultiplicar.csproj", "{F5184282-5400-E1E3-5066-352E9447ACBD}"
EndProject
Global
	GlobalSection(SolutionConfigurationPlatforms) = preSolution
		Debug|Any CPU = Debug|Any CPU
		Release|Any CPU = Release|Any CPU
	EndGlobalSection
	GlobalSection(ProjectConfigurationPlatforms) = postSolution
		{F5184282-5400-E1E3-5066-352E9447ACBD}.Debug|Any CPU.ActiveCfg = Debug|Any CPU
		{F5184282-5400-E1E3-5066-352E9447ACBD}.Debug|Any CPU.Build.0 = Debug|Any CPU
		{F5184282-5400-E1E3-5066-352E9447ACBD}.Release|Any CPU.ActiveCfg = Release|Any CPU
		{F5184282-5400-E1E3-5066-352E9447ACBD}.Release|Any CPU.Build.0 = Release|Any CPU
	EndGlobalSection
	GlobalSection(SolutionProperties) = preSolution
		HideSolutionNode = FALSE
	EndGlobalSection
	GlobalSection(ExtensibilityGlobals) = postSolution
		SolutionGuid = {9168F356-C3CF-4189-929C-41484C2DE147}
	EndGlobalSection
EndGlobal
