Microsoft Visual Studio Solution File, Format Version 12.00
# Visual Studio Version 17
VisualStudioVersion = 17.5.2.0
MinimumVisualStudioVersion = 10.0.40219.1
Project("{FAE04EC0-301F-11D3-BF4B-00C04F79EFBC}") = "ejercicio3Desglose", "ejercicio3Desglose.csproj", "{0C206677-DB2D-31D3-895A-20B3F2D22445}"
EndProject
Global
	GlobalSection(SolutionConfigurationPlatforms) = preSolution
		Debug|Any CPU = Debug|Any CPU
		Release|Any CPU = Release|Any CPU
	EndGlobalSection
	GlobalSection(ProjectConfigurationPlatforms) = postSolution
		{0C206677-DB2D-31D3-895A-20B3F2D22445}.Debug|Any CPU.ActiveCfg = Debug|Any CPU
		{0C206677-DB2D-31D3-895A-20B3F2D22445}.Debug|Any CPU.Build.0 = Debug|Any CPU
		{0C206677-DB2D-31D3-895A-20B3F2D22445}.Release|Any CPU.ActiveCfg = Release|Any CPU
		{0C206677-DB2D-31D3-895A-20B3F2D22445}.Release|Any CPU.Build.0 = Release|Any CPU
	EndGlobalSection
	GlobalSection(SolutionProperties) = preSolution
		HideSolutionNode = FALSE
	EndGlobalSection
	GlobalSection(ExtensibilityGlobals) = postSolution
		SolutionGuid = {3FD36568-8A3F-4DBD-BC72-3D0FDD38D83B}
	EndGlobalSection
EndGlobal
