Microsoft Visual Studio Solution File, Format Version 12.00
# Visual Studio Version 17
VisualStudioVersion = 17.5.2.0
MinimumVisualStudioVersion = 10.0.40219.1
Project("{FAE04EC0-301F-11D3-BF4B-00C04F79EFBC}") = "ejercicio18CombinacionesFactorial", "ejercicio18CombinacionesFactorial.csproj", "{49A571C9-54BF-CCA3-47D2-6FDE04CEA71D}"
EndProject
Global
	GlobalSection(SolutionConfigurationPlatforms) = preSolution
		Debug|Any CPU = Debug|Any CPU
		Release|Any CPU = Release|Any CPU
	EndGlobalSection
	GlobalSection(ProjectConfigurationPlatforms) = postSolution
		{49A571C9-54BF-CCA3-47D2-6FDE04CEA71D}.Debug|Any CPU.ActiveCfg = Debug|Any CPU
		{49A571C9-54BF-CCA3-47D2-6FDE04CEA71D}.Debug|Any CPU.Build.0 = Debug|Any CPU
		{49A571C9-54BF-CCA3-47D2-6FDE04CEA71D}.Release|Any CPU.ActiveCfg = Release|Any CPU
		{49A571C9-54BF-CCA3-47D2-6FDE04CEA71D}.Release|Any CPU.Build.0 = Release|Any CPU
	EndGlobalSection
	GlobalSection(SolutionProperties) = preSolution
		HideSolutionNode = FALSE
	EndGlobalSection
	GlobalSection(ExtensibilityGlobals) = postSolution
		SolutionGuid = {89C9496B-A877-4452-9C1F-560627AF4790}
	EndGlobalSection
EndGlobal
