Microsoft Visual Studio Solution File, Format Version 12.00
# Visual Studio Version 17
VisualStudioVersion = 17.5.2.0
MinimumVisualStudioVersion = 10.0.40219.1
Project("{FAE04EC0-301F-11D3-BF4B-00C04F79EFBC}") = "ejercicio9ClasificacionT", "ejercicio9ClasificacionT.csproj", "{80A15B6D-73BB-B5FF-02E3-22AEB5B22388}"
EndProject
Global
	GlobalSection(SolutionConfigurationPlatforms) = preSolution
		Debug|Any CPU = Debug|Any CPU
		Release|Any CPU = Release|Any CPU
	EndGlobalSection
	GlobalSection(ProjectConfigurationPlatforms) = postSolution
		{80A15B6D-73BB-B5FF-02E3-22AEB5B22388}.Debug|Any CPU.ActiveCfg = Debug|Any CPU
		{80A15B6D-73BB-B5FF-02E3-22AEB5B22388}.Debug|Any CPU.Build.0 = Debug|Any CPU
		{80A15B6D-73BB-B5FF-02E3-22AEB5B22388}.Release|Any CPU.ActiveCfg = Release|Any CPU
		{80A15B6D-73BB-B5FF-02E3-22AEB5B22388}.Release|Any CPU.Build.0 = Release|Any CPU
	EndGlobalSection
	GlobalSection(SolutionProperties) = preSolution
		HideSolutionNode = FALSE
	EndGlobalSection
	GlobalSection(ExtensibilityGlobals) = postSolution
		SolutionGuid = {CE1752DA-985E-4B58-9374-BEAE2388CDA2}
	EndGlobalSection
EndGlobal
