Microsoft Visual Studio Solution File, Format Version 12.00
# Visual Studio Version 17
VisualStudioVersion = 17.5.2.0
MinimumVisualStudioVersion = 10.0.40219.1
Project("{FAE04EC0-301F-11D3-BF4B-00C04F79EFBC}") = "ejercicio23EstadisticasC", "ejercicio23EstadisticasC.csproj", "{1697F124-4526-C74D-1AB1-E0C5EFD94A18}"
EndProject
Global
	GlobalSection(SolutionConfigurationPlatforms) = preSolution
		Debug|Any CPU = Debug|Any CPU
		Release|Any CPU = Release|Any CPU
	EndGlobalSection
	GlobalSection(ProjectConfigurationPlatforms) = postSolution
		{1697F124-4526-C74D-1AB1-E0C5EFD94A18}.Debug|Any CPU.ActiveCfg = Debug|Any CPU
		{1697F124-4526-C74D-1AB1-E0C5EFD94A18}.Debug|Any CPU.Build.0 = Debug|Any CPU
		{1697F124-4526-C74D-1AB1-E0C5EFD94A18}.Release|Any CPU.ActiveCfg = Release|Any CPU
		{1697F124-4526-C74D-1AB1-E0C5EFD94A18}.Release|Any CPU.Build.0 = Release|Any CPU
	EndGlobalSection
	GlobalSection(SolutionProperties) = preSolution
		HideSolutionNode = FALSE
	EndGlobalSection
	GlobalSection(ExtensibilityGlobals) = postSolution
		SolutionGuid = {7266FFDA-55F1-432C-BE50-824061C600A7}
	EndGlobalSection
EndGlobal
